// !$*UTF8*$!
{
	archiveVersion = 1;
	classes = {
	};
	objectVersion = 56;
	objects = {

/* Begin PBXBuildFile section */
		2B946A5706E83B3AA9B500CE /* Pods_KoreaTripRank_KoreaTripRankUITests.framework in Frameworks */ = {isa = PBXBuildFile; fileRef = FB949475C528B7DC07DF4001 /* Pods_KoreaTripRank_KoreaTripRankUITests.framework */; };
		73D7FA1D6A5903585F6FE760 /* Pods_KoreaTripRankTests.framework in Frameworks */ = {isa = PBXBuildFile; fileRef = 2921D781453A3348D78704E4 /* Pods_KoreaTripRankTests.framework */; };
		B056E3C42D24C3625DBD4014 /* Pods_KoreaTripRank.framework in Frameworks */ = {isa = PBXBuildFile; fileRef = 9D844309077A7649B010B68B /* Pods_KoreaTripRank.framework */; };
		B569C6A92CD869CC007386E0 /* SearchCollectionViewCell.swift in Sources */ = {isa = PBXBuildFile; fileRef = B569C6A82CD869CC007386E0 /* SearchCollectionViewCell.swift */; };
		B569C6AB2CD8BCFA007386E0 /* AddressSearchResultTableViewCell.swift in Sources */ = {isa = PBXBuildFile; fileRef = B569C6AA2CD8BCFA007386E0 /* AddressSearchResultTableViewCell.swift */; };
		B569C6AD2CD8C59A007386E0 /* StringExtensions.swift in Sources */ = {isa = PBXBuildFile; fileRef = B569C6AC2CD8C59A007386E0 /* StringExtensions.swift */; };
		B569C6B42CD8C600007386E0 /* DataModel.swift in Sources */ = {isa = PBXBuildFile; fileRef = B569C6B32CD8C600007386E0 /* DataModel.swift */; };
		B569C6B92CD8C87A007386E0 /* SearchViewModel.swift in Sources */ = {isa = PBXBuildFile; fileRef = B569C6B82CD8C87A007386E0 /* SearchViewModel.swift */; };
		B569C6BD2CD903E8007386E0 /* AreaCode.json in Resources */ = {isa = PBXBuildFile; fileRef = B569C6BC2CD903E8007386E0 /* AreaCode.json */; };
		B56AD67B2CD7378E00F2FC8E /* FavoriteViewController.swift in Sources */ = {isa = PBXBuildFile; fileRef = B56AD67A2CD7378E00F2FC8E /* FavoriteViewController.swift */; };
		B56AD67D2CD797BE00F2FC8E /* SearchViewController.swift in Sources */ = {isa = PBXBuildFile; fileRef = B56AD67C2CD797BE00F2FC8E /* SearchViewController.swift */; };
		B59124942CD62375008A13F2 /* AppDelegate.swift in Sources */ = {isa = PBXBuildFile; fileRef = B59124932CD62375008A13F2 /* AppDelegate.swift */; };
		B59124962CD62375008A13F2 /* SceneDelegate.swift in Sources */ = {isa = PBXBuildFile; fileRef = B59124952CD62375008A13F2 /* SceneDelegate.swift */; };
		B59124982CD62375008A13F2 /* MainViewController.swift in Sources */ = {isa = PBXBuildFile; fileRef = B59124972CD62375008A13F2 /* MainViewController.swift */; };
		B591249D2CD62377008A13F2 /* Assets.xcassets in Resources */ = {isa = PBXBuildFile; fileRef = B591249C2CD62377008A13F2 /* Assets.xcassets */; };
		B59124A02CD62377008A13F2 /* LaunchScreen.storyboard in Resources */ = {isa = PBXBuildFile; fileRef = B591249E2CD62377008A13F2 /* LaunchScreen.storyboard */; };
		B59124AB2CD62378008A13F2 /* KoreaTripRankTests.swift in Sources */ = {isa = PBXBuildFile; fileRef = B59124AA2CD62378008A13F2 /* KoreaTripRankTests.swift */; };
		B59124B52CD62378008A13F2 /* KoreaTripRankUITests.swift in Sources */ = {isa = PBXBuildFile; fileRef = B59124B42CD62378008A13F2 /* KoreaTripRankUITests.swift */; };
		B59124B72CD62378008A13F2 /* KoreaTripRankUITestsLaunchTests.swift in Sources */ = {isa = PBXBuildFile; fileRef = B59124B62CD62378008A13F2 /* KoreaTripRankUITestsLaunchTests.swift */; };
/* End PBXBuildFile section */

/* Begin PBXContainerItemProxy section */
		B59124A72CD62378008A13F2 /* PBXContainerItemProxy */ = {
			isa = PBXContainerItemProxy;
			containerPortal = B59124882CD62375008A13F2 /* Project object */;
			proxyType = 1;
			remoteGlobalIDString = B591248F2CD62375008A13F2;
			remoteInfo = KoreaTripRank;
		};
		B59124B12CD62378008A13F2 /* PBXContainerItemProxy */ = {
			isa = PBXContainerItemProxy;
			containerPortal = B59124882CD62375008A13F2 /* Project object */;
			proxyType = 1;
			remoteGlobalIDString = B591248F2CD62375008A13F2;
			remoteInfo = KoreaTripRank;
		};
/* End PBXContainerItemProxy section */

/* Begin PBXFileReference section */
		2921D781453A3348D78704E4 /* Pods_KoreaTripRankTests.framework */ = {isa = PBXFileReference; explicitFileType = wrapper.framework; includeInIndex = 0; path = Pods_KoreaTripRankTests.framework; sourceTree = BUILT_PRODUCTS_DIR; };
		5722C61BB9A916F83BE64C28 /* Pods-KoreaTripRankTests.debug.xcconfig */ = {isa = PBXFileReference; includeInIndex = 1; lastKnownFileType = text.xcconfig; name = "Pods-KoreaTripRankTests.debug.xcconfig"; path = "Target Support Files/Pods-KoreaTripRankTests/Pods-KoreaTripRankTests.debug.xcconfig"; sourceTree = "<group>"; };
		6AF0C8087824CBDE387EA135 /* Pods-KoreaTripRank.release.xcconfig */ = {isa = PBXFileReference; includeInIndex = 1; lastKnownFileType = text.xcconfig; name = "Pods-KoreaTripRank.release.xcconfig"; path = "Target Support Files/Pods-KoreaTripRank/Pods-KoreaTripRank.release.xcconfig"; sourceTree = "<group>"; };
		83D2BAD0D5D4EFF319862734 /* Pods-KoreaTripRankTests.release.xcconfig */ = {isa = PBXFileReference; includeInIndex = 1; lastKnownFileType = text.xcconfig; name = "Pods-KoreaTripRankTests.release.xcconfig"; path = "Target Support Files/Pods-KoreaTripRankTests/Pods-KoreaTripRankTests.release.xcconfig"; sourceTree = "<group>"; };
		99CCEA8F04803BE5DBA382AD /* Pods-KoreaTripRank.debug.xcconfig */ = {isa = PBXFileReference; includeInIndex = 1; lastKnownFileType = text.xcconfig; name = "Pods-KoreaTripRank.debug.xcconfig"; path = "Target Support Files/Pods-KoreaTripRank/Pods-KoreaTripRank.debug.xcconfig"; sourceTree = "<group>"; };
		9D844309077A7649B010B68B /* Pods_KoreaTripRank.framework */ = {isa = PBXFileReference; explicitFileType = wrapper.framework; includeInIndex = 0; path = Pods_KoreaTripRank.framework; sourceTree = BUILT_PRODUCTS_DIR; };
		A7D15C65AD72FA5ED1F0FCDA /* Pods-KoreaTripRank-KoreaTripRankUITests.release.xcconfig */ = {isa = PBXFileReference; includeInIndex = 1; lastKnownFileType = text.xcconfig; name = "Pods-KoreaTripRank-KoreaTripRankUITests.release.xcconfig"; path = "Target Support Files/Pods-KoreaTripRank-KoreaTripRankUITests/Pods-KoreaTripRank-KoreaTripRankUITests.release.xcconfig"; sourceTree = "<group>"; };
		B569C6A82CD869CC007386E0 /* SearchCollectionViewCell.swift */ = {isa = PBXFileReference; lastKnownFileType = sourcecode.swift; path = SearchCollectionViewCell.swift; sourceTree = "<group>"; };
		B569C6AA2CD8BCFA007386E0 /* AddressSearchResultTableViewCell.swift */ = {isa = PBXFileReference; lastKnownFileType = sourcecode.swift; path = AddressSearchResultTableViewCell.swift; sourceTree = "<group>"; };
		B569C6AC2CD8C59A007386E0 /* StringExtensions.swift */ = {isa = PBXFileReference; lastKnownFileType = sourcecode.swift; path = StringExtensions.swift; sourceTree = "<group>"; };
		B569C6B32CD8C600007386E0 /* DataModel.swift */ = {isa = PBXFileReference; lastKnownFileType = sourcecode.swift; path = DataModel.swift; sourceTree = "<group>"; };
		B569C6B82CD8C87A007386E0 /* SearchViewModel.swift */ = {isa = PBXFileReference; lastKnownFileType = sourcecode.swift; path = SearchViewModel.swift; sourceTree = "<group>"; };
		B569C6BC2CD903E8007386E0 /* AreaCode.json */ = {isa = PBXFileReference; lastKnownFileType = text.json; path = AreaCode.json; sourceTree = "<group>"; };
		B56AD67A2CD7378E00F2FC8E /* FavoriteViewController.swift */ = {isa = PBXFileReference; lastKnownFileType = sourcecode.swift; path = FavoriteViewController.swift; sourceTree = "<group>"; };
		B56AD67C2CD797BE00F2FC8E /* SearchViewController.swift */ = {isa = PBXFileReference; lastKnownFileType = sourcecode.swift; path = SearchViewController.swift; sourceTree = "<group>"; };
		B59124902CD62375008A13F2 /* KoreaTripRank.app */ = {isa = PBXFileReference; explicitFileType = wrapper.application; includeInIndex = 0; path = KoreaTripRank.app; sourceTree = BUILT_PRODUCTS_DIR; };
		B59124932CD62375008A13F2 /* AppDelegate.swift */ = {isa = PBXFileReference; lastKnownFileType = sourcecode.swift; path = AppDelegate.swift; sourceTree = "<group>"; };
		B59124952CD62375008A13F2 /* SceneDelegate.swift */ = {isa = PBXFileReference; lastKnownFileType = sourcecode.swift; path = SceneDelegate.swift; sourceTree = "<group>"; };
		B59124972CD62375008A13F2 /* MainViewController.swift */ = {isa = PBXFileReference; lastKnownFileType = sourcecode.swift; path = MainViewController.swift; sourceTree = "<group>"; };
		B591249C2CD62377008A13F2 /* Assets.xcassets */ = {isa = PBXFileReference; lastKnownFileType = folder.assetcatalog; path = Assets.xcassets; sourceTree = "<group>"; };
		B591249F2CD62377008A13F2 /* Base */ = {isa = PBXFileReference; lastKnownFileType = file.storyboard; name = Base; path = Base.lproj/LaunchScreen.storyboard; sourceTree = "<group>"; };
		B59124A12CD62377008A13F2 /* Info.plist */ = {isa = PBXFileReference; lastKnownFileType = text.plist.xml; path = Info.plist; sourceTree = "<group>"; };
		B59124A62CD62378008A13F2 /* KoreaTripRankTests.xctest */ = {isa = PBXFileReference; explicitFileType = wrapper.cfbundle; includeInIndex = 0; path = KoreaTripRankTests.xctest; sourceTree = BUILT_PRODUCTS_DIR; };
		B59124AA2CD62378008A13F2 /* KoreaTripRankTests.swift */ = {isa = PBXFileReference; lastKnownFileType = sourcecode.swift; path = KoreaTripRankTests.swift; sourceTree = "<group>"; };
		B59124B02CD62378008A13F2 /* KoreaTripRankUITests.xctest */ = {isa = PBXFileReference; explicitFileType = wrapper.cfbundle; includeInIndex = 0; path = KoreaTripRankUITests.xctest; sourceTree = BUILT_PRODUCTS_DIR; };
		B59124B42CD62378008A13F2 /* KoreaTripRankUITests.swift */ = {isa = PBXFileReference; lastKnownFileType = sourcecode.swift; path = KoreaTripRankUITests.swift; sourceTree = "<group>"; };
		B59124B62CD62378008A13F2 /* KoreaTripRankUITestsLaunchTests.swift */ = {isa = PBXFileReference; lastKnownFileType = sourcecode.swift; path = KoreaTripRankUITestsLaunchTests.swift; sourceTree = "<group>"; };
		DC4644F2A2FAEF5EC94675E8 /* Pods-KoreaTripRank-KoreaTripRankUITests.debug.xcconfig */ = {isa = PBXFileReference; includeInIndex = 1; lastKnownFileType = text.xcconfig; name = "Pods-KoreaTripRank-KoreaTripRankUITests.debug.xcconfig"; path = "Target Support Files/Pods-KoreaTripRank-KoreaTripRankUITests/Pods-KoreaTripRank-KoreaTripRankUITests.debug.xcconfig"; sourceTree = "<group>"; };
		FB949475C528B7DC07DF4001 /* Pods_KoreaTripRank_KoreaTripRankUITests.framework */ = {isa = PBXFileReference; explicitFileType = wrapper.framework; includeInIndex = 0; path = Pods_KoreaTripRank_KoreaTripRankUITests.framework; sourceTree = BUILT_PRODUCTS_DIR; };
/* End PBXFileReference section */

/* Begin PBXFrameworksBuildPhase section */
		B591248D2CD62375008A13F2 /* Frameworks */ = {
			isa = PBXFrameworksBuildPhase;
			buildActionMask = 2147483647;
			files = (
				B056E3C42D24C3625DBD4014 /* Pods_KoreaTripRank.framework in Frameworks */,
			);
			runOnlyForDeploymentPostprocessing = 0;
		};
		B59124A32CD62378008A13F2 /* Frameworks */ = {
			isa = PBXFrameworksBuildPhase;
			buildActionMask = 2147483647;
			files = (
				73D7FA1D6A5903585F6FE760 /* Pods_KoreaTripRankTests.framework in Frameworks */,
			);
			runOnlyForDeploymentPostprocessing = 0;
		};
		B59124AD2CD62378008A13F2 /* Frameworks */ = {
			isa = PBXFrameworksBuildPhase;
			buildActionMask = 2147483647;
			files = (
				2B946A5706E83B3AA9B500CE /* Pods_KoreaTripRank_KoreaTripRankUITests.framework in Frameworks */,
			);
			runOnlyForDeploymentPostprocessing = 0;
		};
/* End PBXFrameworksBuildPhase section */

/* Begin PBXGroup section */
		B569C6AE2CD8C5B5007386E0 /* Delegate */ = {
			isa = PBXGroup;
			children = (
				B59124932CD62375008A13F2 /* AppDelegate.swift */,
				B59124952CD62375008A13F2 /* SceneDelegate.swift */,
			);
			path = Delegate;
			sourceTree = "<group>";
		};
		B569C6AF2CD8C5C1007386E0 /* ViewController */ = {
			isa = PBXGroup;
			children = (
				B59124972CD62375008A13F2 /* MainViewController.swift */,
				B56AD67A2CD7378E00F2FC8E /* FavoriteViewController.swift */,
				B56AD67C2CD797BE00F2FC8E /* SearchViewController.swift */,
			);
			path = ViewController;
			sourceTree = "<group>";
		};
		B569C6B02CD8C5CE007386E0 /* Cell */ = {
			isa = PBXGroup;
			children = (
				B569C6A82CD869CC007386E0 /* SearchCollectionViewCell.swift */,
				B569C6AA2CD8BCFA007386E0 /* AddressSearchResultTableViewCell.swift */,
			);
			path = Cell;
			sourceTree = "<group>";
		};
		B569C6B12CD8C5D9007386E0 /* Extension */ = {
			isa = PBXGroup;
			children = (
				B569C6AC2CD8C59A007386E0 /* StringExtensions.swift */,
			);
			path = Extension;
			sourceTree = "<group>";
		};
		B569C6B22CD8C5F4007386E0 /* Model */ = {
			isa = PBXGroup;
			children = (
				B569C6B32CD8C600007386E0 /* DataModel.swift */,
			);
			path = Model;
			sourceTree = "<group>";
		};
		B569C6B52CD8C641007386E0 /* Files */ = {
			isa = PBXGroup;
			children = (
				B569C6BC2CD903E8007386E0 /* AreaCode.json */,
			);
			path = Files;
			sourceTree = "<group>";
		};
		B569C6B72CD8C860007386E0 /* ViewModel */ = {
			isa = PBXGroup;
			children = (
				B569C6B82CD8C87A007386E0 /* SearchViewModel.swift */,
			);
			path = ViewModel;
			sourceTree = "<group>";
		};
		B59124872CD62375008A13F2 = {
			isa = PBXGroup;
			children = (
				B59124922CD62375008A13F2 /* KoreaTripRank */,
				B59124A92CD62378008A13F2 /* KoreaTripRankTests */,
				B59124B32CD62378008A13F2 /* KoreaTripRankUITests */,
				B59124912CD62375008A13F2 /* Products */,
				C815BD431B588499ABB76166 /* Pods */,
				CA613DD91752F87B61409D52 /* Frameworks */,
			);
			sourceTree = "<group>";
		};
		B59124912CD62375008A13F2 /* Products */ = {
			isa = PBXGroup;
			children = (
				B59124902CD62375008A13F2 /* KoreaTripRank.app */,
				B59124A62CD62378008A13F2 /* KoreaTripRankTests.xctest */,
				B59124B02CD62378008A13F2 /* KoreaTripRankUITests.xctest */,
			);
			name = Products;
			sourceTree = "<group>";
		};
		B59124922CD62375008A13F2 /* KoreaTripRank */ = {
			isa = PBXGroup;
			children = (
				B569C6B72CD8C860007386E0 /* ViewModel */,
				B569C6B52CD8C641007386E0 /* Files */,
				B569C6B22CD8C5F4007386E0 /* Model */,
				B569C6B12CD8C5D9007386E0 /* Extension */,
				B569C6B02CD8C5CE007386E0 /* Cell */,
				B569C6AF2CD8C5C1007386E0 /* ViewController */,
				B569C6AE2CD8C5B5007386E0 /* Delegate */,
				B591249C2CD62377008A13F2 /* Assets.xcassets */,
				B591249E2CD62377008A13F2 /* LaunchScreen.storyboard */,
				B59124A12CD62377008A13F2 /* Info.plist */,
			);
			path = KoreaTripRank;
			sourceTree = "<group>";
		};
		B59124A92CD62378008A13F2 /* KoreaTripRankTests */ = {
			isa = PBXGroup;
			children = (
				B59124AA2CD62378008A13F2 /* KoreaTripRankTests.swift */,
			);
			path = KoreaTripRankTests;
			sourceTree = "<group>";
		};
		B59124B32CD62378008A13F2 /* KoreaTripRankUITests */ = {
			isa = PBXGroup;
			children = (
				B59124B42CD62378008A13F2 /* KoreaTripRankUITests.swift */,
				B59124B62CD62378008A13F2 /* KoreaTripRankUITestsLaunchTests.swift */,
			);
			path = KoreaTripRankUITests;
			sourceTree = "<group>";
		};
		C815BD431B588499ABB76166 /* Pods */ = {
			isa = PBXGroup;
			children = (
				99CCEA8F04803BE5DBA382AD /* Pods-KoreaTripRank.debug.xcconfig */,
				6AF0C8087824CBDE387EA135 /* Pods-KoreaTripRank.release.xcconfig */,
				DC4644F2A2FAEF5EC94675E8 /* Pods-KoreaTripRank-KoreaTripRankUITests.debug.xcconfig */,
				A7D15C65AD72FA5ED1F0FCDA /* Pods-KoreaTripRank-KoreaTripRankUITests.release.xcconfig */,
				5722C61BB9A916F83BE64C28 /* Pods-KoreaTripRankTests.debug.xcconfig */,
				83D2BAD0D5D4EFF319862734 /* Pods-KoreaTripRankTests.release.xcconfig */,
			);
			path = Pods;
			sourceTree = "<group>";
		};
		CA613DD91752F87B61409D52 /* Frameworks */ = {
			isa = PBXGroup;
			children = (
				9D844309077A7649B010B68B /* Pods_KoreaTripRank.framework */,
				FB949475C528B7DC07DF4001 /* Pods_KoreaTripRank_KoreaTripRankUITests.framework */,
				2921D781453A3348D78704E4 /* Pods_KoreaTripRankTests.framework */,
			);
			name = Frameworks;
			sourceTree = "<group>";
		};
/* End PBXGroup section */

/* Begin PBXNativeTarget section */
		B591248F2CD62375008A13F2 /* KoreaTripRank */ = {
			isa = PBXNativeTarget;
			buildConfigurationList = B59124BA2CD62378008A13F2 /* Build configuration list for PBXNativeTarget "KoreaTripRank" */;
			buildPhases = (
				A0A27D4BA405F1E343FCDD1F /* [CP] Check Pods Manifest.lock */,
				B591248C2CD62375008A13F2 /* Sources */,
				B591248D2CD62375008A13F2 /* Frameworks */,
				B591248E2CD62375008A13F2 /* Resources */,
				D74ED9DE596E4604534B3418 /* [CP] Embed Pods Frameworks */,
			);
			buildRules = (
			);
			dependencies = (
			);
			name = KoreaTripRank;
			productName = KoreaTripRank;
			productReference = B59124902CD62375008A13F2 /* KoreaTripRank.app */;
			productType = "com.apple.product-type.application";
		};
		B59124A52CD62378008A13F2 /* KoreaTripRankTests */ = {
			isa = PBXNativeTarget;
			buildConfigurationList = B59124BD2CD62378008A13F2 /* Build configuration list for PBXNativeTarget "KoreaTripRankTests" */;
			buildPhases = (
				A09500C2BB551E859BF0FF7D /* [CP] Check Pods Manifest.lock */,
				B59124A22CD62378008A13F2 /* Sources */,
				B59124A32CD62378008A13F2 /* Frameworks */,
				B59124A42CD62378008A13F2 /* Resources */,
			);
			buildRules = (
			);
			dependencies = (
				B59124A82CD62378008A13F2 /* PBXTargetDependency */,
			);
			name = KoreaTripRankTests;
			productName = KoreaTripRankTests;
			productReference = B59124A62CD62378008A13F2 /* KoreaTripRankTests.xctest */;
			productType = "com.apple.product-type.bundle.unit-test";
		};
		B59124AF2CD62378008A13F2 /* KoreaTripRankUITests */ = {
			isa = PBXNativeTarget;
			buildConfigurationList = B59124C02CD62378008A13F2 /* Build configuration list for PBXNativeTarget "KoreaTripRankUITests" */;
			buildPhases = (
				703A5BF344471F323488D005 /* [CP] Check Pods Manifest.lock */,
				B59124AC2CD62378008A13F2 /* Sources */,
				B59124AD2CD62378008A13F2 /* Frameworks */,
				B59124AE2CD62378008A13F2 /* Resources */,
				460E97EC68F49F85B5B28684 /* [CP] Embed Pods Frameworks */,
			);
			buildRules = (
			);
			dependencies = (
				B59124B22CD62378008A13F2 /* PBXTargetDependency */,
			);
			name = KoreaTripRankUITests;
			productName = KoreaTripRankUITests;
			productReference = B59124B02CD62378008A13F2 /* KoreaTripRankUITests.xctest */;
			productType = "com.apple.product-type.bundle.ui-testing";
		};
/* End PBXNativeTarget section */

/* Begin PBXProject section */
		B59124882CD62375008A13F2 /* Project object */ = {
			isa = PBXProject;
			attributes = {
				BuildIndependentTargetsInParallel = 1;
				LastSwiftUpdateCheck = 1520;
				LastUpgradeCheck = 1520;
				TargetAttributes = {
					B591248F2CD62375008A13F2 = {
						CreatedOnToolsVersion = 15.2;
					};
					B59124A52CD62378008A13F2 = {
						CreatedOnToolsVersion = 15.2;
						TestTargetID = B591248F2CD62375008A13F2;
					};
					B59124AF2CD62378008A13F2 = {
						CreatedOnToolsVersion = 15.2;
						TestTargetID = B591248F2CD62375008A13F2;
					};
				};
			};
			buildConfigurationList = B591248B2CD62375008A13F2 /* Build configuration list for PBXProject "KoreaTripRank" */;
			compatibilityVersion = "Xcode 14.0";
			developmentRegion = en;
			hasScannedForEncodings = 0;
			knownRegions = (
				en,
				Base,
			);
			mainGroup = B59124872CD62375008A13F2;
			productRefGroup = B59124912CD62375008A13F2 /* Products */;
			projectDirPath = "";
			projectRoot = "";
			targets = (
				B591248F2CD62375008A13F2 /* KoreaTripRank */,
				B59124A52CD62378008A13F2 /* KoreaTripRankTests */,
				B59124AF2CD62378008A13F2 /* KoreaTripRankUITests */,
			);
		};
/* End PBXProject section */

/* Begin PBXResourcesBuildPhase section */
		B591248E2CD62375008A13F2 /* Resources */ = {
			isa = PBXResourcesBuildPhase;
			buildActionMask = 2147483647;
			files = (
				B569C6BD2CD903E8007386E0 /* AreaCode.json in Resources */,
				B59124A02CD62377008A13F2 /* LaunchScreen.storyboard in Resources */,
				B591249D2CD62377008A13F2 /* Assets.xcassets in Resources */,
			);
			runOnlyForDeploymentPostprocessing = 0;
		};
		B59124A42CD62378008A13F2 /* Resources */ = {
			isa = PBXResourcesBuildPhase;
			buildActionMask = 2147483647;
			files = (
			);
			runOnlyForDeploymentPostprocessing = 0;
		};
		B59124AE2CD62378008A13F2 /* Resources */ = {
			isa = PBXResourcesBuildPhase;
			buildActionMask = 2147483647;
			files = (
			);
			runOnlyForDeploymentPostprocessing = 0;
		};
/* End PBXResourcesBuildPhase section */

/* Begin PBXShellScriptBuildPhase section */
		460E97EC68F49F85B5B28684 /* [CP] Embed Pods Frameworks */ = {
			isa = PBXShellScriptBuildPhase;
			buildActionMask = 2147483647;
			files = (
			);
			inputFileListPaths = (
				"${PODS_ROOT}/Target Support Files/Pods-KoreaTripRank-KoreaTripRankUITests/Pods-KoreaTripRank-KoreaTripRankUITests-frameworks-${CONFIGURATION}-input-files.xcfilelist",
			);
			name = "[CP] Embed Pods Frameworks";
			outputFileListPaths = (
				"${PODS_ROOT}/Target Support Files/Pods-KoreaTripRank-KoreaTripRankUITests/Pods-KoreaTripRank-KoreaTripRankUITests-frameworks-${CONFIGURATION}-output-files.xcfilelist",
			);
			runOnlyForDeploymentPostprocessing = 0;
			shellPath = /bin/sh;
			shellScript = "\"${PODS_ROOT}/Target Support Files/Pods-KoreaTripRank-KoreaTripRankUITests/Pods-KoreaTripRank-KoreaTripRankUITests-frameworks.sh\"\n";
			showEnvVarsInLog = 0;
		};
		703A5BF344471F323488D005 /* [CP] Check Pods Manifest.lock */ = {
			isa = PBXShellScriptBuildPhase;
			buildActionMask = 2147483647;
			files = (
			);
			inputFileListPaths = (
			);
			inputPaths = (
				"${PODS_PODFILE_DIR_PATH}/Podfile.lock",
				"${PODS_ROOT}/Manifest.lock",
			);
			name = "[CP] Check Pods Manifest.lock";
			outputFileListPaths = (
			);
			outputPaths = (
				"$(DERIVED_FILE_DIR)/Pods-KoreaTripRank-KoreaTripRankUITests-checkManifestLockResult.txt",
			);
			runOnlyForDeploymentPostprocessing = 0;
			shellPath = /bin/sh;
			shellScript = "diff \"${PODS_PODFILE_DIR_PATH}/Podfile.lock\" \"${PODS_ROOT}/Manifest.lock\" > /dev/null\nif [ $? != 0 ] ; then\n    # print error to STDERR\n    echo \"error: The sandbox is not in sync with the Podfile.lock. Run 'pod install' or update your CocoaPods installation.\" >&2\n    exit 1\nfi\n# This output is used by Xcode 'outputs' to avoid re-running this script phase.\necho \"SUCCESS\" > \"${SCRIPT_OUTPUT_FILE_0}\"\n";
			showEnvVarsInLog = 0;
		};
		A09500C2BB551E859BF0FF7D /* [CP] Check Pods Manifest.lock */ = {
			isa = PBXShellScriptBuildPhase;
			buildActionMask = 2147483647;
			files = (
			);
			inputFileListPaths = (
			);
			inputPaths = (
				"${PODS_PODFILE_DIR_PATH}/Podfile.lock",
				"${PODS_ROOT}/Manifest.lock",
			);
			name = "[CP] Check Pods Manifest.lock";
			outputFileListPaths = (
			);
			outputPaths = (
				"$(DERIVED_FILE_DIR)/Pods-KoreaTripRankTests-checkManifestLockResult.txt",
			);
			runOnlyForDeploymentPostprocessing = 0;
			shellPath = /bin/sh;
			shellScript = "diff \"${PODS_PODFILE_DIR_PATH}/Podfile.lock\" \"${PODS_ROOT}/Manifest.lock\" > /dev/null\nif [ $? != 0 ] ; then\n    # print error to STDERR\n    echo \"error: The sandbox is not in sync with the Podfile.lock. Run 'pod install' or update your CocoaPods installation.\" >&2\n    exit 1\nfi\n# This output is used by Xcode 'outputs' to avoid re-running this script phase.\necho \"SUCCESS\" > \"${SCRIPT_OUTPUT_FILE_0}\"\n";
			showEnvVarsInLog = 0;
		};
		A0A27D4BA405F1E343FCDD1F /* [CP] Check Pods Manifest.lock */ = {
			isa = PBXShellScriptBuildPhase;
			buildActionMask = 2147483647;
			files = (
			);
			inputFileListPaths = (
			);
			inputPaths = (
				"${PODS_PODFILE_DIR_PATH}/Podfile.lock",
				"${PODS_ROOT}/Manifest.lock",
			);
			name = "[CP] Check Pods Manifest.lock";
			outputFileListPaths = (
			);
			outputPaths = (
				"$(DERIVED_FILE_DIR)/Pods-KoreaTripRank-checkManifestLockResult.txt",
			);
			runOnlyForDeploymentPostprocessing = 0;
			shellPath = /bin/sh;
			shellScript = "diff \"${PODS_PODFILE_DIR_PATH}/Podfile.lock\" \"${PODS_ROOT}/Manifest.lock\" > /dev/null\nif [ $? != 0 ] ; then\n    # print error to STDERR\n    echo \"error: The sandbox is not in sync with the Podfile.lock. Run 'pod install' or update your CocoaPods installation.\" >&2\n    exit 1\nfi\n# This output is used by Xcode 'outputs' to avoid re-running this script phase.\necho \"SUCCESS\" > \"${SCRIPT_OUTPUT_FILE_0}\"\n";
			showEnvVarsInLog = 0;
		};
		D74ED9DE596E4604534B3418 /* [CP] Embed Pods Frameworks */ = {
			isa = PBXShellScriptBuildPhase;
			buildActionMask = 2147483647;
			files = (
			);
			inputFileListPaths = (
				"${PODS_ROOT}/Target Support Files/Pods-KoreaTripRank/Pods-KoreaTripRank-frameworks-${CONFIGURATION}-input-files.xcfilelist",
			);
			name = "[CP] Embed Pods Frameworks";
			outputFileListPaths = (
				"${PODS_ROOT}/Target Support Files/Pods-KoreaTripRank/Pods-KoreaTripRank-frameworks-${CONFIGURATION}-output-files.xcfilelist",
			);
			runOnlyForDeploymentPostprocessing = 0;
			shellPath = /bin/sh;
			shellScript = "\"${PODS_ROOT}/Target Support Files/Pods-KoreaTripRank/Pods-KoreaTripRank-frameworks.sh\"\n";
			showEnvVarsInLog = 0;
		};
/* End PBXShellScriptBuildPhase section */

/* Begin PBXSourcesBuildPhase section */
		B591248C2CD62375008A13F2 /* Sources */ = {
			isa = PBXSourcesBuildPhase;
			buildActionMask = 2147483647;
			files = (
				B569C6AD2CD8C59A007386E0 /* StringExtensions.swift in Sources */,
				B569C6AB2CD8BCFA007386E0 /* AddressSearchResultTableViewCell.swift in Sources */,
				B56AD67D2CD797BE00F2FC8E /* SearchViewController.swift in Sources */,
				B59124982CD62375008A13F2 /* MainViewController.swift in Sources */,
				B59124942CD62375008A13F2 /* AppDelegate.swift in Sources */,
				B569C6A92CD869CC007386E0 /* SearchCollectionViewCell.swift in Sources */,
				B569C6B92CD8C87A007386E0 /* SearchViewModel.swift in Sources */,
				B56AD67B2CD7378E00F2FC8E /* FavoriteViewController.swift in Sources */,
				B59124962CD62375008A13F2 /* SceneDelegate.swift in Sources */,
				B569C6B42CD8C600007386E0 /* DataModel.swift in Sources */,
			);
			runOnlyForDeploymentPostprocessing = 0;
		};
		B59124A22CD62378008A13F2 /* Sources */ = {
			isa = PBXSourcesBuildPhase;
			buildActionMask = 2147483647;
			files = (
				B59124AB2CD62378008A13F2 /* KoreaTripRankTests.swift in Sources */,
			);
			runOnlyForDeploymentPostprocessing = 0;
		};
		B59124AC2CD62378008A13F2 /* Sources */ = {
			isa = PBXSourcesBuildPhase;
			buildActionMask = 2147483647;
			files = (
				B59124B72CD62378008A13F2 /* KoreaTripRankUITestsLaunchTests.swift in Sources */,
				B59124B52CD62378008A13F2 /* KoreaTripRankUITests.swift in Sources */,
			);
			runOnlyForDeploymentPostprocessing = 0;
		};
/* End PBXSourcesBuildPhase section */

/* Begin PBXTargetDependency section */
		B59124A82CD62378008A13F2 /* PBXTargetDependency */ = {
			isa = PBXTargetDependency;
			target = B591248F2CD62375008A13F2 /* KoreaTripRank */;
			targetProxy = B59124A72CD62378008A13F2 /* PBXContainerItemProxy */;
		};
		B59124B22CD62378008A13F2 /* PBXTargetDependency */ = {
			isa = PBXTargetDependency;
			target = B591248F2CD62375008A13F2 /* KoreaTripRank */;
			targetProxy = B59124B12CD62378008A13F2 /* PBXContainerItemProxy */;
		};
/* End PBXTargetDependency section */

/* Begin PBXVariantGroup section */
		B591249E2CD62377008A13F2 /* LaunchScreen.storyboard */ = {
			isa = PBXVariantGroup;
			children = (
				B591249F2CD62377008A13F2 /* Base */,
			);
			name = LaunchScreen.storyboard;
			sourceTree = "<group>";
		};
/* End PBXVariantGroup section */

/* Begin XCBuildConfiguration section */
		B59124B82CD62378008A13F2 /* Debug */ = {
			isa = XCBuildConfiguration;
			buildSettings = {
				ALWAYS_SEARCH_USER_PATHS = NO;
				ASSETCATALOG_COMPILER_GENERATE_SWIFT_ASSET_SYMBOL_EXTENSIONS = YES;
				CLANG_ANALYZER_NONNULL = YES;
				CLANG_ANALYZER_NUMBER_OBJECT_CONVERSION = YES_AGGRESSIVE;
				CLANG_CXX_LANGUAGE_STANDARD = "gnu++20";
				CLANG_ENABLE_MODULES = YES;
				CLANG_ENABLE_OBJC_ARC = YES;
				CLANG_ENABLE_OBJC_WEAK = YES;
				CLANG_WARN_BLOCK_CAPTURE_AUTORELEASING = YES;
				CLANG_WARN_BOOL_CONVERSION = YES;
				CLANG_WARN_COMMA = YES;
				CLANG_WARN_CONSTANT_CONVERSION = YES;
				CLANG_WARN_DEPRECATED_OBJC_IMPLEMENTATIONS = YES;
				CLANG_WARN_DIRECT_OBJC_ISA_USAGE = YES_ERROR;
				CLANG_WARN_DOCUMENTATION_COMMENTS = YES;
				CLANG_WARN_EMPTY_BODY = YES;
				CLANG_WARN_ENUM_CONVERSION = YES;
				CLANG_WARN_INFINITE_RECURSION = YES;
				CLANG_WARN_INT_CONVERSION = YES;
				CLANG_WARN_NON_LITERAL_NULL_CONVERSION = YES;
				CLANG_WARN_OBJC_IMPLICIT_RETAIN_SELF = YES;
				CLANG_WARN_OBJC_LITERAL_CONVERSION = YES;
				CLANG_WARN_OBJC_ROOT_CLASS = YES_ERROR;
				CLANG_WARN_QUOTED_INCLUDE_IN_FRAMEWORK_HEADER = YES;
				CLANG_WARN_RANGE_LOOP_ANALYSIS = YES;
				CLANG_WARN_STRICT_PROTOTYPES = YES;
				CLANG_WARN_SUSPICIOUS_MOVE = YES;
				CLANG_WARN_UNGUARDED_AVAILABILITY = YES_AGGRESSIVE;
				CLANG_WARN_UNREACHABLE_CODE = YES;
				CLANG_WARN__DUPLICATE_METHOD_MATCH = YES;
				COPY_PHASE_STRIP = NO;
				DEBUG_INFORMATION_FORMAT = dwarf;
				ENABLE_STRICT_OBJC_MSGSEND = YES;
				ENABLE_TESTABILITY = YES;
				ENABLE_USER_SCRIPT_SANDBOXING = NO;
				GCC_C_LANGUAGE_STANDARD = gnu17;
				GCC_DYNAMIC_NO_PIC = NO;
				GCC_NO_COMMON_BLOCKS = YES;
				GCC_OPTIMIZATION_LEVEL = 0;
				GCC_PREPROCESSOR_DEFINITIONS = (
					"DEBUG=1",
					"$(inherited)",
				);
				GCC_WARN_64_TO_32_BIT_CONVERSION = YES;
				GCC_WARN_ABOUT_RETURN_TYPE = YES_ERROR;
				GCC_WARN_UNDECLARED_SELECTOR = YES;
				GCC_WARN_UNINITIALIZED_AUTOS = YES_AGGRESSIVE;
				GCC_WARN_UNUSED_FUNCTION = YES;
				GCC_WARN_UNUSED_VARIABLE = YES;
				IPHONEOS_DEPLOYMENT_TARGET = 17.2;
				LOCALIZATION_PREFERS_STRING_CATALOGS = YES;
				MTL_ENABLE_DEBUG_INFO = INCLUDE_SOURCE;
				MTL_FAST_MATH = YES;
				ONLY_ACTIVE_ARCH = YES;
				SDKROOT = iphoneos;
				SWIFT_ACTIVE_COMPILATION_CONDITIONS = "DEBUG $(inherited)";
				SWIFT_OPTIMIZATION_LEVEL = "-Onone";
			};
			name = Debug;
		};
		B59124B92CD62378008A13F2 /* Release */ = {
			isa = XCBuildConfiguration;
			buildSettings = {
				ALWAYS_SEARCH_USER_PATHS = NO;
				ASSETCATALOG_COMPILER_GENERATE_SWIFT_ASSET_SYMBOL_EXTENSIONS = YES;
				CLANG_ANALYZER_NONNULL = YES;
				CLANG_ANALYZER_NUMBER_OBJECT_CONVERSION = YES_AGGRESSIVE;
				CLANG_CXX_LANGUAGE_STANDARD = "gnu++20";
				CLANG_ENABLE_MODULES = YES;
				CLANG_ENABLE_OBJC_ARC = YES;
				CLANG_ENABLE_OBJC_WEAK = YES;
				CLANG_WARN_BLOCK_CAPTURE_AUTORELEASING = YES;
				CLANG_WARN_BOOL_CONVERSION = YES;
				CLANG_WARN_COMMA = YES;
				CLANG_WARN_CONSTANT_CONVERSION = YES;
				CLANG_WARN_DEPRECATED_OBJC_IMPLEMENTATIONS = YES;
				CLANG_WARN_DIRECT_OBJC_ISA_USAGE = YES_ERROR;
				CLANG_WARN_DOCUMENTATION_COMMENTS = YES;
				CLANG_WARN_EMPTY_BODY = YES;
				CLANG_WARN_ENUM_CONVERSION = YES;
				CLANG_WARN_INFINITE_RECURSION = YES;
				CLANG_WARN_INT_CONVERSION = YES;
				CLANG_WARN_NON_LITERAL_NULL_CONVERSION = YES;
				CLANG_WARN_OBJC_IMPLICIT_RETAIN_SELF = YES;
				CLANG_WARN_OBJC_LITERAL_CONVERSION = YES;
				CLANG_WARN_OBJC_ROOT_CLASS = YES_ERROR;
				CLANG_WARN_QUOTED_INCLUDE_IN_FRAMEWORK_HEADER = YES;
				CLANG_WARN_RANGE_LOOP_ANALYSIS = YES;
				CLANG_WARN_STRICT_PROTOTYPES = YES;
				CLANG_WARN_SUSPICIOUS_MOVE = YES;
				CLANG_WARN_UNGUARDED_AVAILABILITY = YES_AGGRESSIVE;
				CLANG_WARN_UNREACHABLE_CODE = YES;
				CLANG_WARN__DUPLICATE_METHOD_MATCH = YES;
				COPY_PHASE_STRIP = NO;
				DEBUG_INFORMATION_FORMAT = "dwarf-with-dsym";
				ENABLE_NS_ASSERTIONS = NO;
				ENABLE_STRICT_OBJC_MSGSEND = YES;
				ENABLE_USER_SCRIPT_SANDBOXING = NO;
				GCC_C_LANGUAGE_STANDARD = gnu17;
				GCC_NO_COMMON_BLOCKS = YES;
				GCC_WARN_64_TO_32_BIT_CONVERSION = YES;
				GCC_WARN_ABOUT_RETURN_TYPE = YES_ERROR;
				GCC_WARN_UNDECLARED_SELECTOR = YES;
				GCC_WARN_UNINITIALIZED_AUTOS = YES_AGGRESSIVE;
				GCC_WARN_UNUSED_FUNCTION = YES;
				GCC_WARN_UNUSED_VARIABLE = YES;
				IPHONEOS_DEPLOYMENT_TARGET = 17.2;
				LOCALIZATION_PREFERS_STRING_CATALOGS = YES;
				MTL_ENABLE_DEBUG_INFO = NO;
				MTL_FAST_MATH = YES;
				SDKROOT = iphoneos;
				SWIFT_COMPILATION_MODE = wholemodule;
				VALIDATE_PRODUCT = YES;
			};
			name = Release;
		};
		B59124BB2CD62378008A13F2 /* Debug */ = {
			isa = XCBuildConfiguration;
			baseConfigurationReference = 99CCEA8F04803BE5DBA382AD /* Pods-KoreaTripRank.debug.xcconfig */;
			buildSettings = {
				ASSETCATALOG_COMPILER_APPICON_NAME = AppIcon;
				ASSETCATALOG_COMPILER_GLOBAL_ACCENT_COLOR_NAME = AccentColor;
				CODE_SIGN_STYLE = Automatic;
				CURRENT_PROJECT_VERSION = 1;
				DEVELOPMENT_TEAM = M82N55553U;
				GENERATE_INFOPLIST_FILE = YES;
				INFOPLIST_FILE = KoreaTripRank/Info.plist;
				INFOPLIST_KEY_UIApplicationSupportsIndirectInputEvents = YES;
				INFOPLIST_KEY_UILaunchStoryboardName = LaunchScreen;
				INFOPLIST_KEY_UISupportedInterfaceOrientations_iPad = "UIInterfaceOrientationPortrait UIInterfaceOrientationPortraitUpsideDown UIInterfaceOrientationLandscapeLeft UIInterfaceOrientationLandscapeRight";
				INFOPLIST_KEY_UISupportedInterfaceOrientations_iPhone = "UIInterfaceOrientationPortrait UIInterfaceOrientationLandscapeLeft UIInterfaceOrientationLandscapeRight";
				LD_RUNPATH_SEARCH_PATHS = (
					"$(inherited)",
					"@executable_path/Frameworks",
				);
				MARKETING_VERSION = 1.0;
				PRODUCT_BUNDLE_IDENTIFIER = minjae.KoreaTripRank;
				PRODUCT_NAME = "$(TARGET_NAME)";
				SWIFT_EMIT_LOC_STRINGS = YES;
				SWIFT_VERSION = 5.0;
				TARGETED_DEVICE_FAMILY = "1,2";
			};
			name = Debug;
		};
		B59124BC2CD62378008A13F2 /* Release */ = {
			isa = XCBuildConfiguration;
			baseConfigurationReference = 6AF0C8087824CBDE387EA135 /* Pods-KoreaTripRank.release.xcconfig */;
			buildSettings = {
				ASSETCATALOG_COMPILER_APPICON_NAME = AppIcon;
				ASSETCATALOG_COMPILER_GLOBAL_ACCENT_COLOR_NAME = AccentColor;
				CODE_SIGN_STYLE = Automatic;
				CURRENT_PROJECT_VERSION = 1;
				DEVELOPMENT_TEAM = M82N55553U;
				GENERATE_INFOPLIST_FILE = YES;
				INFOPLIST_FILE = KoreaTripRank/Info.plist;
				INFOPLIST_KEY_UIApplicationSupportsIndirectInputEvents = YES;
				INFOPLIST_KEY_UILaunchStoryboardName = LaunchScreen;
				INFOPLIST_KEY_UISupportedInterfaceOrientations_iPad = "UIInterfaceOrientationPortrait UIInterfaceOrientationPortraitUpsideDown UIInterfaceOrientationLandscapeLeft UIInterfaceOrientationLandscapeRight";
				INFOPLIST_KEY_UISupportedInterfaceOrientations_iPhone = "UIInterfaceOrientationPortrait UIInterfaceOrientationLandscapeLeft UIInterfaceOrientationLandscapeRight";
				LD_RUNPATH_SEARCH_PATHS = (
					"$(inherited)",
					"@executable_path/Frameworks",
				);
				MARKETING_VERSION = 1.0;
				PRODUCT_BUNDLE_IDENTIFIER = minjae.KoreaTripRank;
				PRODUCT_NAME = "$(TARGET_NAME)";
				SWIFT_EMIT_LOC_STRINGS = YES;
				SWIFT_VERSION = 5.0;
				TARGETED_DEVICE_FAMILY = "1,2";
			};
			name = Release;
		};
		B59124BE2CD62378008A13F2 /* Debug */ = {
			isa = XCBuildConfiguration;
			baseConfigurationReference = 5722C61BB9A916F83BE64C28 /* Pods-KoreaTripRankTests.debug.xcconfig */;
			buildSettings = {
				ALWAYS_EMBED_SWIFT_STANDARD_LIBRARIES = YES;
				BUNDLE_LOADER = "$(TEST_HOST)";
				CODE_SIGN_STYLE = Automatic;
				CURRENT_PROJECT_VERSION = 1;
				DEVELOPMENT_TEAM = M82N55553U;
				GENERATE_INFOPLIST_FILE = YES;
				IPHONEOS_DEPLOYMENT_TARGET = 17.2;
				MARKETING_VERSION = 1.0;
				PRODUCT_BUNDLE_IDENTIFIER = minjae.KoreaTripRankTests;
				PRODUCT_NAME = "$(TARGET_NAME)";
				SWIFT_EMIT_LOC_STRINGS = NO;
				SWIFT_VERSION = 5.0;
				TARGETED_DEVICE_FAMILY = "1,2";
				TEST_HOST = "$(BUILT_PRODUCTS_DIR)/KoreaTripRank.app/$(BUNDLE_EXECUTABLE_FOLDER_PATH)/KoreaTripRank";
			};
			name = Debug;
		};
		B59124BF2CD62378008A13F2 /* Release */ = {
			isa = XCBuildConfiguration;
			baseConfigurationReference = 83D2BAD0D5D4EFF319862734 /* Pods-KoreaTripRankTests.release.xcconfig */;
			buildSettings = {
				ALWAYS_EMBED_SWIFT_STANDARD_LIBRARIES = YES;
				BUNDLE_LOADER = "$(TEST_HOST)";
				CODE_SIGN_STYLE = Automatic;
				CURRENT_PROJECT_VERSION = 1;
				DEVELOPMENT_TEAM = M82N55553U;
				GENERATE_INFOPLIST_FILE = YES;
				IPHONEOS_DEPLOYMENT_TARGET = 17.2;
				MARKETING_VERSION = 1.0;
				PRODUCT_BUNDLE_IDENTIFIER = minjae.KoreaTripRankTests;
				PRODUCT_NAME = "$(TARGET_NAME)";
				SWIFT_EMIT_LOC_STRINGS = NO;
				SWIFT_VERSION = 5.0;
				TARGETED_DEVICE_FAMILY = "1,2";
				TEST_HOST = "$(BUILT_PRODUCTS_DIR)/KoreaTripRank.app/$(BUNDLE_EXECUTABLE_FOLDER_PATH)/KoreaTripRank";
			};
			name = Release;
		};
		B59124C12CD62378008A13F2 /* Debug */ = {
			isa = XCBuildConfiguration;
			baseConfigurationReference = DC4644F2A2FAEF5EC94675E8 /* Pods-KoreaTripRank-KoreaTripRankUITests.debug.xcconfig */;
			buildSettings = {
				ALWAYS_EMBED_SWIFT_STANDARD_LIBRARIES = YES;
				CODE_SIGN_STYLE = Automatic;
				CURRENT_PROJECT_VERSION = 1;
				DEVELOPMENT_TEAM = M82N55553U;
				GENERATE_INFOPLIST_FILE = YES;
				MARKETING_VERSION = 1.0;
				PRODUCT_BUNDLE_IDENTIFIER = minjae.KoreaTripRankUITests;
				PRODUCT_NAME = "$(TARGET_NAME)";
				SWIFT_EMIT_LOC_STRINGS = NO;
				SWIFT_VERSION = 5.0;
				TARGETED_DEVICE_FAMILY = "1,2";
				TEST_TARGET_NAME = KoreaTripRank;
			};
			name = Debug;
		};
		B59124C22CD62378008A13F2 /* Release */ = {
			isa = XCBuildConfiguration;
			baseConfigurationReference = A7D15C65AD72FA5ED1F0FCDA /* Pods-KoreaTripRank-KoreaTripRankUITests.release.xcconfig */;
			buildSettings = {
				ALWAYS_EMBED_SWIFT_STANDARD_LIBRARIES = YES;
				CODE_SIGN_STYLE = Automatic;
				CURRENT_PROJECT_VERSION = 1;
				DEVELOPMENT_TEAM = M82N55553U;
				GENERATE_INFOPLIST_FILE = YES;
				MARKETING_VERSION = 1.0;
				PRODUCT_BUNDLE_IDENTIFIER = minjae.KoreaTripRankUITests;
				PRODUCT_NAME = "$(TARGET_NAME)";
				SWIFT_EMIT_LOC_STRINGS = NO;
				SWIFT_VERSION = 5.0;
				TARGETED_DEVICE_FAMILY = "1,2";
				TEST_TARGET_NAME = KoreaTripRank;
			};
			name = Release;
		};
/* End XCBuildConfiguration section */

/* Begin XCConfigurationList section */
		B591248B2CD62375008A13F2 /* Build configuration list for PBXProject "KoreaTripRank" */ = {
			isa = XCConfigurationList;
			buildConfigurations = (
				B59124B82CD62378008A13F2 /* Debug */,
				B59124B92CD62378008A13F2 /* Release */,
			);
			defaultConfigurationIsVisible = 0;
			defaultConfigurationName = Release;
		};
		B59124BA2CD62378008A13F2 /* Build configuration list for PBXNativeTarget "KoreaTripRank" */ = {
			isa = XCConfigurationList;
			buildConfigurations = (
				B59124BB2CD62378008A13F2 /* Debug */,
				B59124BC2CD62378008A13F2 /* Release */,
			);
			defaultConfigurationIsVisible = 0;
			defaultConfigurationName = Release;
		};
		B59124BD2CD62378008A13F2 /* Build configuration list for PBXNativeTarget "KoreaTripRankTests" */ = {
			isa = XCConfigurationList;
			buildConfigurations = (
				B59124BE2CD62378008A13F2 /* Debug */,
				B59124BF2CD62378008A13F2 /* Release */,
			);
			defaultConfigurationIsVisible = 0;
			defaultConfigurationName = Release;
		};
		B59124C02CD62378008A13F2 /* Build configuration list for PBXNativeTarget "KoreaTripRankUITests" */ = {
			isa = XCConfigurationList;
			buildConfigurations = (
				B59124C12CD62378008A13F2 /* Debug */,
				B59124C22CD62378008A13F2 /* Release */,
			);
			defaultConfigurationIsVisible = 0;
			defaultConfigurationName = Release;
		};
/* End XCConfigurationList section */
	};
	rootObject = B59124882CD62375008A13F2 /* Project object */;
}
